{
  "opencode": {
    "version": "1.17.18",
    "binary_path": "/Users/douglastalley/.opencode/bin/opencode",
    "sha256": "652a34cab759c0fa348f107aa737df86355a49b1576834864e89ee43c059b25d",
    "arch": "arm64-darwin",
    "pinned_at": "2026-07-13T23:36:00-04:00",
    "notes": "Managed loopback child only. Version, SHA-256, loopback health, v2 session, permission, question, and event routes were verified before this repin. Floyd Core verifies this hash before every spawn and fails closed on mismatch. Never resolved via PATH."
  }
}
